// !$*UTF8*$!
{
	archiveVersion = 1;
	classes = {
	};
	objectVersion = 46;
	objects = {

/* Begin PBXBuildFile section */
		310954231EDB597700DF19C8 /* AppDelegate.swift in Sources */ = {isa = PBXBuildFile; fileRef = 310954221EDB597700DF19C8 /* AppDelegate.swift */; };
		310954251EDB597700DF19C8 /* ViewController.swift in Sources */ = {isa = PBXBuildFile; fileRef = 310954241EDB597700DF19C8 /* ViewController.swift */; };
		310954281EDB597700DF19C8 /* Main.storyboard in Resources */ = {isa = PBXBuildFile; fileRef = 310954261EDB597700DF19C8 /* Main.storyboard */; };
		3109542A1EDB597700DF19C8 /* Assets.xcassets in Resources */ = {isa = PBXBuildFile; fileRef = 310954291EDB597700DF19C8 /* Assets.xcassets */; };
		3109542D1EDB597700DF19C8 /* LaunchScreen.storyboard in Resources */ = {isa = PBXBuildFile; fileRef = 3109542B1EDB597700DF19C8 /* LaunchScreen.storyboard */; };
		310954351EDB5A5300DF19C8 /* CustomUI.swift in Sources */ = {isa = PBXBuildFile; fileRef = 310954341EDB5A5300DF19C8 /* CustomUI.swift */; };
		310954371EDB5C3100DF19C8 /* CustomColorScheme.swift in Sources */ = {isa = PBXBuildFile; fileRef = 310954361EDB5C3100DF19C8 /* CustomColorScheme.swift */; };
/* End PBXBuildFile section */

/* Begin PBXFileReference section */
		3109541F1EDB597700DF19C8 /* clientapp.app */ = {isa = PBXFileReference; explicitFileType = wrapper.application; includeInIndex = 0; path = clientapp.app; sourceTree = BUILT_PRODUCTS_DIR; };
		310954221EDB597700DF19C8 /* AppDelegate.swift */ = {isa = PBXFileReference; lastKnownFileType = sourcecode.swift; path = AppDelegate.swift; sourceTree = "<group>"; };
		310954241EDB597700DF19C8 /* ViewController.swift */ = {isa = PBXFileReference; lastKnownFileType = sourcecode.swift; path = ViewController.swift; sourceTree = "<group>"; };
		310954271EDB597700DF19C8 /* Base */ = {isa = PBXFileReference; lastKnownFileType = file.storyboard; name = Base; path = Base.lproj/Main.storyboard; sourceTree = "<group>"; };
		310954291EDB597700DF19C8 /* Assets.xcassets */ = {isa = PBXFileReference; lastKnownFileType = folder.assetcatalog; path = Assets.xcassets; sourceTree = "<group>"; };
		3109542C1EDB597700DF19C8 /* Base */ = {isa = PBXFileReference; lastKnownFileType = file.storyboard; name = Base; path = Base.lproj/LaunchScreen.storyboard; sourceTree = "<group>"; };
		3109542E1EDB597700DF19C8 /* Info.plist */ = {isa = PBXFileReference; lastKnownFileType = text.plist.xml; path = Info.plist; sourceTree = "<group>"; };
		310954341EDB5A5300DF19C8 /* CustomUI.swift */ = {isa = PBXFileReference; fileEncoding = 4; lastKnownFileType = sourcecode.swift; path = CustomUI.swift; sourceTree = "<group>"; };
		310954361EDB5C3100DF19C8 /* CustomColorScheme.swift */ = {isa = PBXFileReference; fileEncoding = 4; lastKnownFileType = sourcecode.swift; path = CustomColorScheme.swift; sourceTree = "<group>"; };
/* End PBXFileReference section */

/* Begin PBXFrameworksBuildPhase section */
		3109541C1EDB597700DF19C8 /* Frameworks */ = {
			isa = PBXFrameworksBuildPhase;
			buildActionMask = 2147483647;
			files = (
			);
			runOnlyForDeploymentPostprocessing = 0;
		};
/* End PBXFrameworksBuildPhase section */

/* Begin PBXGroup section */
		310954161EDB597600DF19C8 = {
			isa = PBXGroup;
			children = (
				310954211EDB597700DF19C8 /* clientapp */,
				310954201EDB597700DF19C8 /* Products */,
			);
			sourceTree = "<group>";
		};
		310954201EDB597700DF19C8 /* Products */ = {
			isa = PBXGroup;
			children = (
				3109541F1EDB597700DF19C8 /* clientapp.app */,
			);
			name = Products;
			sourceTree = "<group>";
		};
		310954211EDB597700DF19C8 /* clientapp */ = {
			isa = PBXGroup;
			children = (
				310954221EDB597700DF19C8 /* AppDelegate.swift */,
				310954241EDB597700DF19C8 /* ViewController.swift */,
				310954261EDB597700DF19C8 /* Main.storyboard */,
				310954291EDB597700DF19C8 /* Assets.xcassets */,
				3109542B1EDB597700DF19C8 /* LaunchScreen.storyboard */,
				3109542E1EDB597700DF19C8 /* Info.plist */,
				310954341EDB5A5300DF19C8 /* CustomUI.swift */,
				310954361EDB5C3100DF19C8 /* CustomColorScheme.swift */,
			);
			path = clientapp;
			sourceTree = "<group>";
		};
/* End PBXGroup section */

/* Begin PBXNativeTarget section */
		3109541E1EDB597700DF19C8 /* clientapp */ = {
			isa = PBXNativeTarget;
			buildConfigurationList = 310954311EDB597700DF19C8 /* Build configuration list for PBXNativeTarget "clientapp" */;
			buildPhases = (
				3109541B1EDB597700DF19C8 /* Sources */,
				3109541C1EDB597700DF19C8 /* Frameworks */,
				3109541D1EDB597700DF19C8 /* Resources */,
			);
			buildRules = (
			);
			dependencies = (
			);
			name = clientapp;
			productName = clientapp;
			productReference = 3109541F1EDB597700DF19C8 /* clientapp.app */;
			productType = "com.apple.product-type.application";
		};
/* End PBXNativeTarget section */

/* Begin PBXProject section */
		310954171EDB597600DF19C8 /* Project object */ = {
			isa = PBXProject;
			attributes = {
				LastSwiftUpdateCheck = 0830;
				LastUpgradeCheck = 0830;
				ORGANIZATIONNAME = "Horizon Industries";
				TargetAttributes = {
					3109541E1EDB597700DF19C8 = {
						CreatedOnToolsVersion = 8.3.2;
						DevelopmentTeam = 8CGNLEGE5T;
						ProvisioningStyle = Automatic;
					};
				};
			};
			buildConfigurationList = 3109541A1EDB597600DF19C8 /* Build configuration list for PBXProject "clientapp" */;
			compatibilityVersion = "Xcode 3.2";
			developmentRegion = English;
			hasScannedForEncodings = 0;
			knownRegions = (
				en,
				Base,
			);
			mainGroup = 310954161EDB597600DF19C8;
			productRefGroup = 310954201EDB597700DF19C8 /* Products */;
			projectDirPath = "";
			projectRoot = "";
			targets = (
				3109541E1EDB597700DF19C8 /* clientapp */,
			);
		};
/* End PBXProject section */

/* Begin PBXResourcesBuildPhase section */
		3109541D1EDB597700DF19C8 /* Resources */ = {
			isa = PBXResourcesBuildPhase;
			buildActionMask = 2147483647;
			files = (
				3109542D1EDB597700DF19C8 /* LaunchScreen.storyboard in Resources */,
				3109542A1EDB597700DF19C8 /* Assets.xcassets in Resources */,
				310954281EDB597700DF19C8 /* Main.storyboard in Resources */,
			);
			runOnlyForDeploymentPostprocessing = 0;
		};
/* End PBXResourcesBuildPhase section */

/* Begin PBXSourcesBuildPhase section */
		3109541B1EDB597700DF19C8 /* Sources */ = {
			isa = PBXSourcesBuildPhase;
			buildActionMask = 2147483647;
			files = (
				310954251EDB597700DF19C8 /* ViewController.swift in Sources */,
				310954371EDB5C3100DF19C8 /* CustomColorScheme.swift in Sources */,
				310954351EDB5A5300DF19C8 /* CustomUI.swift in Sources */,
				310954231EDB597700DF19C8 /* AppDelegate.swift in Sources */,
			);
			runOnlyForDeploymentPostprocessing = 0;
		};
/* End PBXSourcesBuildPhase section */

/* Begin PBXVariantGroup section */
		310954261EDB597700DF19C8 /* Main.storyboard */ = {
			isa = PBXVariantGroup;
			children = (
				310954271EDB597700DF19C8 /* Base */,
			);
			name = Main.storyboard;
			sourceTree = "<group>";
		};
		3109542B1EDB597700DF19C8 /* LaunchScreen.storyboard */ = {
			isa = PBXVariantGroup;
			children = (
				3109542C1EDB597700DF19C8 /* Base */,
			);
			name = LaunchScreen.storyboard;
			sourceTree = "<group>";
		};
/* End PBXVariantGroup section */

/* Begin XCBuildConfiguration section */
		3109542F1EDB597700DF19C8 /* Debug */ = {
			isa = XCBuildConfiguration;
			buildSettings = {
				ALWAYS_SEARCH_USER_PATHS = NO;
				CLANG_ANALYZER_NONNULL = YES;
				CLANG_ANALYZER_NUMBER_OBJECT_CONVERSION = YES_AGGRESSIVE;
				CLANG_CXX_LANGUAGE_STANDARD = "gnu++0x";
				CLANG_CXX_LIBRARY = "libc++";
				CLANG_ENABLE_MODULES = YES;
				CLANG_ENABLE_OBJC_ARC = YES;
				CLANG_WARN_BOOL_CONVERSION = YES;
				CLANG_WARN_CONSTANT_CONVERSION = YES;
				CLANG_WARN_DIRECT_OBJC_ISA_USAGE = YES_ERROR;
				CLANG_WARN_DOCUMENTATION_COMMENTS = YES;
				CLANG_WARN_EMPTY_BODY = YES;
				CLANG_WARN_ENUM_CONVERSION = YES;
				CLANG_WARN_INFINITE_RECURSION = YES;
				CLANG_WARN_INT_CONVERSION = YES;
				CLANG_WARN_OBJC_ROOT_CLASS = YES_ERROR;
				CLANG_WARN_SUSPICIOUS_MOVE = YES;
				CLANG_WARN_UNREACHABLE_CODE = YES;
				CLANG_WARN__DUPLICATE_METHOD_MATCH = YES;
				"CODE_SIGN_IDENTITY[sdk=iphoneos*]" = "iPhone Developer";
				COPY_PHASE_STRIP = NO;
				DEBUG_INFORMATION_FORMAT = dwarf;
				ENABLE_STRICT_OBJC_MSGSEND = YES;
				ENABLE_TESTABILITY = YES;
				GCC_C_LANGUAGE_STANDARD = gnu99;
				GCC_DYNAMIC_NO_PIC = NO;
				GCC_NO_COMMON_BLOCKS = YES;
				GCC_OPTIMIZATION_LEVEL = 0;
				GCC_PREPROCESSOR_DEFINITIONS = (
					"DEBUG=1",
					"$(inherited)",
				);
				GCC_WARN_64_TO_32_BIT_CONVERSION = YES;
				GCC_WARN_ABOUT_RETURN_TYPE = YES_ERROR;
				GCC_WARN_UNDECLARED_SELECTOR = YES;
				GCC_WARN_UNINITIALIZED_AUTOS = YES_AGGRESSIVE;
				GCC_WARN_UNUSED_FUNCTION = YES;
				GCC_WARN_UNUSED_VARIABLE = YES;
				IPHONEOS_DEPLOYMENT_TARGET = 10.3;
				MTL_ENABLE_DEBUG_INFO = YES;
				ONLY_ACTIVE_ARCH = YES;
				SDKROOT = iphoneos;
				SWIFT_ACTIVE_COMPILATION_CONDITIONS = DEBUG;
				SWIFT_OPTIMIZATION_LEVEL = "-Onone";
			};
			name = Debug;
		};
		310954301EDB597700DF19C8 /* Release */ = {
			isa = XCBuildConfiguration;
			buildSettings = {
				ALWAYS_SEARCH_USER_PATHS = NO;
				CLANG_ANALYZER_NONNULL = YES;
				CLANG_ANALYZER_NUMBER_OBJECT_CONVERSION = YES_AGGRESSIVE;
				CLANG_CXX_LANGUAGE_STANDARD = "gnu++0x";
				CLANG_CXX_LIBRARY = "libc++";
				CLANG_ENABLE_MODULES = YES;
				CLANG_ENABLE_OBJC_ARC = YES;
				CLANG_WARN_BOOL_CONVERSION = YES;
				CLANG_WARN_CONSTANT_CONVERSION = YES;
				CLANG_WARN_DIRECT_OBJC_ISA_USAGE = YES_ERROR;
				CLANG_WARN_DOCUMENTATION_COMMENTS = YES;
				CLANG_WARN_EMPTY_BODY = YES;
				CLANG_WARN_ENUM_CONVERSION = YES;
				CLANG_WARN_INFINITE_RECURSION = YES;
				CLANG_WARN_INT_CONVERSION = YES;
				CLANG_WARN_OBJC_ROOT_CLASS = YES_ERROR;
				CLANG_WARN_SUSPICIOUS_MOVE = YES;
				CLANG_WARN_UNREACHABLE_CODE = YES;
				CLANG_WARN__DUPLICATE_METHOD_MATCH = YES;
				"CODE_SIGN_IDENTITY[sdk=iphoneos*]" = "iPhone Developer";
				COPY_PHASE_STRIP = NO;
				DEBUG_INFORMATION_FORMAT = "dwarf-with-dsym";
				ENABLE_NS_ASSERTIONS = NO;
				ENABLE_STRICT_OBJC_MSGSEND = YES;
				GCC_C_LANGUAGE_STANDARD = gnu99;
				GCC_NO_COMMON_BLOCKS = YES;
				GCC_WARN_64_TO_32_BIT_CONVERSION = YES;
				GCC_WARN_ABOUT_RETURN_TYPE = YES_ERROR;
				GCC_WARN_UNDECLARED_SELECTOR = YES;
				GCC_WARN_UNINITIALIZED_AUTOS = YES_AGGRESSIVE;
				GCC_WARN_UNUSED_FUNCTION = YES;
				GCC_WARN_UNUSED_VARIABLE = YES;
				IPHONEOS_DEPLOYMENT_TARGET = 10.3;
				MTL_ENABLE_DEBUG_INFO = NO;
				SDKROOT = iphoneos;
				SWIFT_OPTIMIZATION_LEVEL = "-Owholemodule";
				VALIDATE_PRODUCT = YES;
			};
			name = Release;
		};
		310954321EDB597700DF19C8 /* Debug */ = {
			isa = XCBuildConfiguration;
			buildSettings = {
				ASSETCATALOG_COMPILER_APPICON_NAME = AppIcon;
				DEVELOPMENT_TEAM = 8CGNLEGE5T;
				INFOPLIST_FILE = clientapp/Info.plist;
				IPHONEOS_DEPLOYMENT_TARGET = 8.0;
				LD_RUNPATH_SEARCH_PATHS = "$(inherited) @executable_path/Frameworks";
				PRODUCT_BUNDLE_IDENTIFIER = com.tutorhouse.clientapp;
				PRODUCT_NAME = "$(TARGET_NAME)";
				SWIFT_VERSION = 3.0;
			};
			name = Debug;
		};
		310954331EDB597700DF19C8 /* Release */ = {
			isa = XCBuildConfiguration;
			buildSettings = {
				ASSETCATALOG_COMPILER_APPICON_NAME = AppIcon;
				DEVELOPMENT_TEAM = 8CGNLEGE5T;
				INFOPLIST_FILE = clientapp/Info.plist;
				IPHONEOS_DEPLOYMENT_TARGET = 8.0;
				LD_RUNPATH_SEARCH_PATHS = "$(inherited) @executable_path/Frameworks";
				PRODUCT_BUNDLE_IDENTIFIER = com.tutorhouse.clientapp;
				PRODUCT_NAME = "$(TARGET_NAME)";
				SWIFT_VERSION = 3.0;
			};
			name = Release;
		};
/* End XCBuildConfiguration section */

/* Begin XCConfigurationList section */
		3109541A1EDB597600DF19C8 /* Build configuration list for PBXProject "clientapp" */ = {
			isa = XCConfigurationList;
			buildConfigurations = (
				3109542F1EDB597700DF19C8 /* Debug */,
				310954301EDB597700DF19C8 /* Release */,
			);
			defaultConfigurationIsVisible = 0;
			defaultConfigurationName = Release;
		};
		310954311EDB597700DF19C8 /* Build configuration list for PBXNativeTarget "clientapp" */ = {
			isa = XCConfigurationList;
			buildConfigurations = (
				310954321EDB597700DF19C8 /* Debug */,
				310954331EDB597700DF19C8 /* Release */,
			);
			defaultConfigurationIsVisible = 0;
		};
/* End XCConfigurationList section */
	};
	rootObject = 310954171EDB597600DF19C8 /* Project object */;
}
